// !$*UTF8*$!
{
	archiveVersion = 1;
	classes = {
	};
	objectVersion = 50;
	objects = {

/* Begin PBXBuildFile section */
		8B71F8E525256E6D006CC1A4 /* QueueTests.swift in Sources */ = {isa = PBXBuildFile; fileRef = 8B71F8E425256E6D006CC1A4 /* QueueTests.swift */; };
		8B71F8E9252577A4006CC1A4 /* QueueChallengeTests.swift in Sources */ = {isa = PBXBuildFile; fileRef = 8B71F8E8252577A4006CC1A4 /* QueueChallengeTests.swift */; };
		8BE908742522BF180049BDEB /* DataStructures_Swift.framework in Frameworks */ = {isa = PBXBuildFile; fileRef = 8BE9086A2522BF180049BDEB /* DataStructures_Swift.framework */; };
		8BE908792522BF180049BDEB /* StackTests.swift in Sources */ = {isa = PBXBuildFile; fileRef = 8BE908782522BF180049BDEB /* StackTests.swift */; };
		8BE9087B2522BF180049BDEB /* DataStructures_Swift.h in Headers */ = {isa = PBXBuildFile; fileRef = 8BE9086D2522BF180049BDEB /* DataStructures_Swift.h */; settings = {ATTRIBUTES = (Public, ); }; };
		8BE908872522BF3A0049BDEB /* Stack.swift in Sources */ = {isa = PBXBuildFile; fileRef = 8BE908862522BF3A0049BDEB /* Stack.swift */; };
		8BE908882522BF3A0049BDEB /* Stack.swift in Sources */ = {isa = PBXBuildFile; fileRef = 8BE908862522BF3A0049BDEB /* Stack.swift */; };
		8BE908B82522EB3A0049BDEB /* StackChallengeTest.swift in Sources */ = {isa = PBXBuildFile; fileRef = 8BE908B72522EB3A0049BDEB /* StackChallengeTest.swift */; };
		8BE908BE2522EE9A0049BDEB /* Queue.swift in Sources */ = {isa = PBXBuildFile; fileRef = 8BE908BD2522EE9A0049BDEB /* Queue.swift */; };
		8BE908BF2522EE9A0049BDEB /* Queue.swift in Sources */ = {isa = PBXBuildFile; fileRef = 8BE908BD2522EE9A0049BDEB /* Queue.swift */; };
/* End PBXBuildFile section */

/* Begin PBXContainerItemProxy section */
		8BE908752522BF180049BDEB /* PBXContainerItemProxy */ = {
			isa = PBXContainerItemProxy;
			containerPortal = 8BE908612522BF180049BDEB /* Project object */;
			proxyType = 1;
			remoteGlobalIDString = 8BE908692522BF180049BDEB;
			remoteInfo = DataStructures_Swift;
		};
/* End PBXContainerItemProxy section */

/* Begin PBXFileReference section */
		8B71F8E425256E6D006CC1A4 /* QueueTests.swift */ = {isa = PBXFileReference; lastKnownFileType = sourcecode.swift; path = QueueTests.swift; sourceTree = "<group>"; };
		8B71F8E8252577A4006CC1A4 /* QueueChallengeTests.swift */ = {isa = PBXFileReference; lastKnownFileType = sourcecode.swift; path = QueueChallengeTests.swift; sourceTree = "<group>"; };
		8BE9086A2522BF180049BDEB /* DataStructures_Swift.framework */ = {isa = PBXFileReference; explicitFileType = wrapper.framework; includeInIndex = 0; path = DataStructures_Swift.framework; sourceTree = BUILT_PRODUCTS_DIR; };
		8BE9086D2522BF180049BDEB /* DataStructures_Swift.h */ = {isa = PBXFileReference; lastKnownFileType = sourcecode.c.h; path = DataStructures_Swift.h; sourceTree = "<group>"; };
		8BE9086E2522BF180049BDEB /* Info.plist */ = {isa = PBXFileReference; lastKnownFileType = text.plist.xml; path = Info.plist; sourceTree = "<group>"; };
		8BE908732522BF180049BDEB /* DataStructures_SwiftTests.xctest */ = {isa = PBXFileReference; explicitFileType = wrapper.cfbundle; includeInIndex = 0; path = DataStructures_SwiftTests.xctest; sourceTree = BUILT_PRODUCTS_DIR; };
		8BE908782522BF180049BDEB /* StackTests.swift */ = {isa = PBXFileReference; lastKnownFileType = sourcecode.swift; path = StackTests.swift; sourceTree = "<group>"; };
		8BE9087A2522BF180049BDEB /* Info.plist */ = {isa = PBXFileReference; lastKnownFileType = text.plist.xml; path = Info.plist; sourceTree = "<group>"; };
		8BE908862522BF3A0049BDEB /* Stack.swift */ = {isa = PBXFileReference; lastKnownFileType = sourcecode.swift; path = Stack.swift; sourceTree = "<group>"; };
		8BE908B72522EB3A0049BDEB /* StackChallengeTest.swift */ = {isa = PBXFileReference; lastKnownFileType = sourcecode.swift; path = StackChallengeTest.swift; sourceTree = "<group>"; };
		8BE908BD2522EE9A0049BDEB /* Queue.swift */ = {isa = PBXFileReference; lastKnownFileType = sourcecode.swift; path = Queue.swift; sourceTree = "<group>"; };
/* End PBXFileReference section */

/* Begin PBXFrameworksBuildPhase section */
		8BE908672522BF180049BDEB /* Frameworks */ = {
			isa = PBXFrameworksBuildPhase;
			buildActionMask = 2147483647;
			files = (
			);
			runOnlyForDeploymentPostprocessing = 0;
		};
		8BE908702522BF180049BDEB /* Frameworks */ = {
			isa = PBXFrameworksBuildPhase;
			buildActionMask = 2147483647;
			files = (
				8BE908742522BF180049BDEB /* DataStructures_Swift.framework in Frameworks */,
			);
			runOnlyForDeploymentPostprocessing = 0;
		};
/* End PBXFrameworksBuildPhase section */

/* Begin PBXGroup section */
		8BE908602522BF180049BDEB = {
			isa = PBXGroup;
			children = (
				8BE9086C2522BF180049BDEB /* DataStructures_Swift */,
				8BE908772522BF180049BDEB /* DataStructures_SwiftTests */,
				8BE9086B2522BF180049BDEB /* Products */,
			);
			sourceTree = "<group>";
		};
		8BE9086B2522BF180049BDEB /* Products */ = {
			isa = PBXGroup;
			children = (
				8BE9086A2522BF180049BDEB /* DataStructures_Swift.framework */,
				8BE908732522BF180049BDEB /* DataStructures_SwiftTests.xctest */,
			);
			name = Products;
			sourceTree = "<group>";
		};
		8BE9086C2522BF180049BDEB /* DataStructures_Swift */ = {
			isa = PBXGroup;
			children = (
				8BE9086D2522BF180049BDEB /* DataStructures_Swift.h */,
				8BE9086E2522BF180049BDEB /* Info.plist */,
				8BE908862522BF3A0049BDEB /* Stack.swift */,
				8BE908BD2522EE9A0049BDEB /* Queue.swift */,
			);
			path = DataStructures_Swift;
			sourceTree = "<group>";
		};
		8BE908772522BF180049BDEB /* DataStructures_SwiftTests */ = {
			isa = PBXGroup;
			children = (
				8BE908782522BF180049BDEB /* StackTests.swift */,
				8BE908B72522EB3A0049BDEB /* StackChallengeTest.swift */,
				8B71F8E425256E6D006CC1A4 /* QueueTests.swift */,
				8B71F8E8252577A4006CC1A4 /* QueueChallengeTests.swift */,
				8BE9087A2522BF180049BDEB /* Info.plist */,
			);
			path = DataStructures_SwiftTests;
			sourceTree = "<group>";
		};
/* End PBXGroup section */

/* Begin PBXHeadersBuildPhase section */
		8BE908652522BF180049BDEB /* Headers */ = {
			isa = PBXHeadersBuildPhase;
			buildActionMask = 2147483647;
			files = (
				8BE9087B2522BF180049BDEB /* DataStructures_Swift.h in Headers */,
			);
			runOnlyForDeploymentPostprocessing = 0;
		};
/* End PBXHeadersBuildPhase section */

/* Begin PBXNativeTarget section */
		8BE908692522BF180049BDEB /* DataStructures_Swift */ = {
			isa = PBXNativeTarget;
			buildConfigurationList = 8BE9087E2522BF180049BDEB /* Build configuration list for PBXNativeTarget "DataStructures_Swift" */;
			buildPhases = (
				8BE908652522BF180049BDEB /* Headers */,
				8BE908662522BF180049BDEB /* Sources */,
				8BE908672522BF180049BDEB /* Frameworks */,
				8BE908682522BF180049BDEB /* Resources */,
			);
			buildRules = (
			);
			dependencies = (
			);
			name = DataStructures_Swift;
			productName = DataStructures_Swift;
			productReference = 8BE9086A2522BF180049BDEB /* DataStructures_Swift.framework */;
			productType = "com.apple.product-type.framework";
		};
		8BE908722522BF180049BDEB /* DataStructures_SwiftTests */ = {
			isa = PBXNativeTarget;
			buildConfigurationList = 8BE908812522BF180049BDEB /* Build configuration list for PBXNativeTarget "DataStructures_SwiftTests" */;
			buildPhases = (
				8BE9086F2522BF180049BDEB /* Sources */,
				8BE908702522BF180049BDEB /* Frameworks */,
				8BE908712522BF180049BDEB /* Resources */,
			);
			buildRules = (
			);
			dependencies = (
				8BE908762522BF180049BDEB /* PBXTargetDependency */,
			);
			name = DataStructures_SwiftTests;
			productName = DataStructures_SwiftTests;
			productReference = 8BE908732522BF180049BDEB /* DataStructures_SwiftTests.xctest */;
			productType = "com.apple.product-type.bundle.unit-test";
		};
/* End PBXNativeTarget section */

/* Begin PBXProject section */
		8BE908612522BF180049BDEB /* Project object */ = {
			isa = PBXProject;
			attributes = {
				LastSwiftUpdateCheck = 1200;
				LastUpgradeCheck = 1200;
				TargetAttributes = {
					8BE908692522BF180049BDEB = {
						CreatedOnToolsVersion = 12.0;
						LastSwiftMigration = 1200;
					};
					8BE908722522BF180049BDEB = {
						CreatedOnToolsVersion = 12.0;
					};
				};
			};
			buildConfigurationList = 8BE908642522BF180049BDEB /* Build configuration list for PBXProject "DataStructures_Swift" */;
			compatibilityVersion = "Xcode 9.3";
			developmentRegion = en;
			hasScannedForEncodings = 0;
			knownRegions = (
				en,
				Base,
			);
			mainGroup = 8BE908602522BF180049BDEB;
			productRefGroup = 8BE9086B2522BF180049BDEB /* Products */;
			projectDirPath = "";
			projectRoot = "";
			targets = (
				8BE908692522BF180049BDEB /* DataStructures_Swift */,
				8BE908722522BF180049BDEB /* DataStructures_SwiftTests */,
			);
		};
/* End PBXProject section */

/* Begin PBXResourcesBuildPhase section */
		8BE908682522BF180049BDEB /* Resources */ = {
			isa = PBXResourcesBuildPhase;
			buildActionMask = 2147483647;
			files = (
			);
			runOnlyForDeploymentPostprocessing = 0;
		};
		8BE908712522BF180049BDEB /* Resources */ = {
			isa = PBXResourcesBuildPhase;
			buildActionMask = 2147483647;
			files = (
			);
			runOnlyForDeploymentPostprocessing = 0;
		};
/* End PBXResourcesBuildPhase section */

/* Begin PBXSourcesBuildPhase section */
		8BE908662522BF180049BDEB /* Sources */ = {
			isa = PBXSourcesBuildPhase;
			buildActionMask = 2147483647;
			files = (
				8BE908872522BF3A0049BDEB /* Stack.swift in Sources */,
				8BE908BE2522EE9A0049BDEB /* Queue.swift in Sources */,
			);
			runOnlyForDeploymentPostprocessing = 0;
		};
		8BE9086F2522BF180049BDEB /* Sources */ = {
			isa = PBXSourcesBuildPhase;
			buildActionMask = 2147483647;
			files = (
				8BE908882522BF3A0049BDEB /* Stack.swift in Sources */,
				8B71F8E9252577A4006CC1A4 /* QueueChallengeTests.swift in Sources */,
				8BE908792522BF180049BDEB /* StackTests.swift in Sources */,
				8B71F8E525256E6D006CC1A4 /* QueueTests.swift in Sources */,
				8BE908B82522EB3A0049BDEB /* StackChallengeTest.swift in Sources */,
				8BE908BF2522EE9A0049BDEB /* Queue.swift in Sources */,
			);
			runOnlyForDeploymentPostprocessing = 0;
		};
/* End PBXSourcesBuildPhase section */

/* Begin PBXTargetDependency section */
		8BE908762522BF180049BDEB /* PBXTargetDependency */ = {
			isa = PBXTargetDependency;
			target = 8BE908692522BF180049BDEB /* DataStructures_Swift */;
			targetProxy = 8BE908752522BF180049BDEB /* PBXContainerItemProxy */;
		};
/* End PBXTargetDependency section */

/* Begin XCBuildConfiguration section */
		8BE9087C2522BF180049BDEB /* Debug */ = {
			isa = XCBuildConfiguration;
			buildSettings = {
				ALWAYS_SEARCH_USER_PATHS = NO;
				CLANG_ANALYZER_NONNULL = YES;
				CLANG_ANALYZER_NUMBER_OBJECT_CONVERSION = YES_AGGRESSIVE;
				CLANG_CXX_LANGUAGE_STANDARD = "gnu++14";
				CLANG_CXX_LIBRARY = "libc++";
				CLANG_ENABLE_MODULES = YES;
				CLANG_ENABLE_OBJC_ARC = YES;
				CLANG_ENABLE_OBJC_WEAK = YES;
				CLANG_WARN_BLOCK_CAPTURE_AUTORELEASING = YES;
				CLANG_WARN_BOOL_CONVERSION = YES;
				CLANG_WARN_COMMA = YES;
				CLANG_WARN_CONSTANT_CONVERSION = YES;
				CLANG_WARN_DEPRECATED_OBJC_IMPLEMENTATIONS = YES;
				CLANG_WARN_DIRECT_OBJC_ISA_USAGE = YES_ERROR;
				CLANG_WARN_DOCUMENTATION_COMMENTS = YES;
				CLANG_WARN_EMPTY_BODY = YES;
				CLANG_WARN_ENUM_CONVERSION = YES;
				CLANG_WARN_INFINITE_RECURSION = YES;
				CLANG_WARN_INT_CONVERSION = YES;
				CLANG_WARN_NON_LITERAL_NULL_CONVERSION = YES;
				CLANG_WARN_OBJC_IMPLICIT_RETAIN_SELF = YES;
				CLANG_WARN_OBJC_LITERAL_CONVERSION = YES;
				CLANG_WARN_OBJC_ROOT_CLASS = YES_ERROR;
				CLANG_WARN_QUOTED_INCLUDE_IN_FRAMEWORK_HEADER = YES;
				CLANG_WARN_RANGE_LOOP_ANALYSIS = YES;
				CLANG_WARN_STRICT_PROTOTYPES = YES;
				CLANG_WARN_SUSPICIOUS_MOVE = YES;
				CLANG_WARN_UNGUARDED_AVAILABILITY = YES_AGGRESSIVE;
				CLANG_WARN_UNREACHABLE_CODE = YES;
				CLANG_WARN__DUPLICATE_METHOD_MATCH = YES;
				COPY_PHASE_STRIP = NO;
				CURRENT_PROJECT_VERSION = 1;
				DEBUG_INFORMATION_FORMAT = dwarf;
				ENABLE_STRICT_OBJC_MSGSEND = YES;
				ENABLE_TESTABILITY = YES;
				GCC_C_LANGUAGE_STANDARD = gnu11;
				GCC_DYNAMIC_NO_PIC = NO;
				GCC_NO_COMMON_BLOCKS = YES;
				GCC_OPTIMIZATION_LEVEL = 0;
				GCC_PREPROCESSOR_DEFINITIONS = (
					"DEBUG=1",
					"$(inherited)",
				);
				GCC_WARN_64_TO_32_BIT_CONVERSION = YES;
				GCC_WARN_ABOUT_RETURN_TYPE = YES_ERROR;
				GCC_WARN_UNDECLARED_SELECTOR = YES;
				GCC_WARN_UNINITIALIZED_AUTOS = YES_AGGRESSIVE;
				GCC_WARN_UNUSED_FUNCTION = YES;
				GCC_WARN_UNUSED_VARIABLE = YES;
				MACOSX_DEPLOYMENT_TARGET = 10.15;
				MTL_ENABLE_DEBUG_INFO = INCLUDE_SOURCE;
				MTL_FAST_MATH = YES;
				ONLY_ACTIVE_ARCH = YES;
				SDKROOT = macosx;
				SWIFT_ACTIVE_COMPILATION_CONDITIONS = DEBUG;
				SWIFT_OPTIMIZATION_LEVEL = "-Onone";
				VERSIONING_SYSTEM = "apple-generic";
				VERSION_INFO_PREFIX = "";
			};
			name = Debug;
		};
		8BE9087D2522BF180049BDEB /* Release */ = {
			isa = XCBuildConfiguration;
			buildSettings = {
				ALWAYS_SEARCH_USER_PATHS = NO;
				CLANG_ANALYZER_NONNULL = YES;
				CLANG_ANALYZER_NUMBER_OBJECT_CONVERSION = YES_AGGRESSIVE;
				CLANG_CXX_LANGUAGE_STANDARD = "gnu++14";
				CLANG_CXX_LIBRARY = "libc++";
				CLANG_ENABLE_MODULES = YES;
				CLANG_ENABLE_OBJC_ARC = YES;
				CLANG_ENABLE_OBJC_WEAK = YES;
				CLANG_WARN_BLOCK_CAPTURE_AUTORELEASING = YES;
				CLANG_WARN_BOOL_CONVERSION = YES;
				CLANG_WARN_COMMA = YES;
				CLANG_WARN_CONSTANT_CONVERSION = YES;
				CLANG_WARN_DEPRECATED_OBJC_IMPLEMENTATIONS = YES;
				CLANG_WARN_DIRECT_OBJC_ISA_USAGE = YES_ERROR;
				CLANG_WARN_DOCUMENTATION_COMMENTS = YES;
				CLANG_WARN_EMPTY_BODY = YES;
				CLANG_WARN_ENUM_CONVERSION = YES;
				CLANG_WARN_INFINITE_RECURSION = YES;
				CLANG_WARN_INT_CONVERSION = YES;
				CLANG_WARN_NON_LITERAL_NULL_CONVERSION = YES;
				CLANG_WARN_OBJC_IMPLICIT_RETAIN_SELF = YES;
				CLANG_WARN_OBJC_LITERAL_CONVERSION = YES;
				CLANG_WARN_OBJC_ROOT_CLASS = YES_ERROR;
				CLANG_WARN_QUOTED_INCLUDE_IN_FRAMEWORK_HEADER = YES;
				CLANG_WARN_RANGE_LOOP_ANALYSIS = YES;
				CLANG_WARN_STRICT_PROTOTYPES = YES;
				CLANG_WARN_SUSPICIOUS_MOVE = YES;
				CLANG_WARN_UNGUARDED_AVAILABILITY = YES_AGGRESSIVE;
				CLANG_WARN_UNREACHABLE_CODE = YES;
				CLANG_WARN__DUPLICATE_METHOD_MATCH = YES;
				COPY_PHASE_STRIP = NO;
				CURRENT_PROJECT_VERSION = 1;
				DEBUG_INFORMATION_FORMAT = "dwarf-with-dsym";
				ENABLE_NS_ASSERTIONS = NO;
				ENABLE_STRICT_OBJC_MSGSEND = YES;
				GCC_C_LANGUAGE_STANDARD = gnu11;
				GCC_NO_COMMON_BLOCKS = YES;
				GCC_WARN_64_TO_32_BIT_CONVERSION = YES;
				GCC_WARN_ABOUT_RETURN_TYPE = YES_ERROR;
				GCC_WARN_UNDECLARED_SELECTOR = YES;
				GCC_WARN_UNINITIALIZED_AUTOS = YES_AGGRESSIVE;
				GCC_WARN_UNUSED_FUNCTION = YES;
				GCC_WARN_UNUSED_VARIABLE = YES;
				MACOSX_DEPLOYMENT_TARGET = 10.15;
				MTL_ENABLE_DEBUG_INFO = NO;
				MTL_FAST_MATH = YES;
				SDKROOT = macosx;
				SWIFT_COMPILATION_MODE = wholemodule;
				SWIFT_OPTIMIZATION_LEVEL = "-O";
				VERSIONING_SYSTEM = "apple-generic";
				VERSION_INFO_PREFIX = "";
			};
			name = Release;
		};
		8BE9087F2522BF180049BDEB /* Debug */ = {
			isa = XCBuildConfiguration;
			buildSettings = {
				CLANG_ENABLE_MODULES = YES;
				CODE_SIGN_STYLE = Automatic;
				COMBINE_HIDPI_IMAGES = YES;
				DEFINES_MODULE = YES;
				DEVELOPMENT_TEAM = 75W46TW7GG;
				DYLIB_COMPATIBILITY_VERSION = 1;
				DYLIB_CURRENT_VERSION = 1;
				DYLIB_INSTALL_NAME_BASE = "@rpath";
				INFOPLIST_FILE = DataStructures_Swift/Info.plist;
				INSTALL_PATH = "$(LOCAL_LIBRARY_DIR)/Frameworks";
				LD_RUNPATH_SEARCH_PATHS = (
					"$(inherited)",
					"@executable_path/../Frameworks",
					"@loader_path/Frameworks",
				);
				PRODUCT_BUNDLE_IDENTIFIER = "com.DataStructures-swift.DataStructures-Swift";
				PRODUCT_NAME = "$(TARGET_NAME:c99extidentifier)";
				SKIP_INSTALL = YES;
				SWIFT_OPTIMIZATION_LEVEL = "-Onone";
				SWIFT_VERSION = 5.0;
			};
			name = Debug;
		};
		8BE908802522BF180049BDEB /* Release */ = {
			isa = XCBuildConfiguration;
			buildSettings = {
				CLANG_ENABLE_MODULES = YES;
				CODE_SIGN_STYLE = Automatic;
				COMBINE_HIDPI_IMAGES = YES;
				DEFINES_MODULE = YES;
				DEVELOPMENT_TEAM = 75W46TW7GG;
				DYLIB_COMPATIBILITY_VERSION = 1;
				DYLIB_CURRENT_VERSION = 1;
				DYLIB_INSTALL_NAME_BASE = "@rpath";
				INFOPLIST_FILE = DataStructures_Swift/Info.plist;
				INSTALL_PATH = "$(LOCAL_LIBRARY_DIR)/Frameworks";
				LD_RUNPATH_SEARCH_PATHS = (
					"$(inherited)",
					"@executable_path/../Frameworks",
					"@loader_path/Frameworks",
				);
				PRODUCT_BUNDLE_IDENTIFIER = "com.DataStructures-swift.DataStructures-Swift";
				PRODUCT_NAME = "$(TARGET_NAME:c99extidentifier)";
				SKIP_INSTALL = YES;
				SWIFT_VERSION = 5.0;
			};
			name = Release;
		};
		8BE908822522BF180049BDEB /* Debug */ = {
			isa = XCBuildConfiguration;
			buildSettings = {
				ALWAYS_EMBED_SWIFT_STANDARD_LIBRARIES = YES;
				CODE_SIGN_STYLE = Automatic;
				COMBINE_HIDPI_IMAGES = YES;
				DEVELOPMENT_TEAM = 75W46TW7GG;
				INFOPLIST_FILE = DataStructures_SwiftTests/Info.plist;
				LD_RUNPATH_SEARCH_PATHS = (
					"$(inherited)",
					"@executable_path/../Frameworks",
					"@loader_path/../Frameworks",
				);
				PRODUCT_BUNDLE_IDENTIFIER = "com.DataStructures-swift.DataStructures-SwiftTests";
				PRODUCT_NAME = "$(TARGET_NAME)";
				SWIFT_VERSION = 5.0;
			};
			name = Debug;
		};
		8BE908832522BF180049BDEB /* Release */ = {
			isa = XCBuildConfiguration;
			buildSettings = {
				ALWAYS_EMBED_SWIFT_STANDARD_LIBRARIES = YES;
				CODE_SIGN_STYLE = Automatic;
				COMBINE_HIDPI_IMAGES = YES;
				DEVELOPMENT_TEAM = 75W46TW7GG;
				INFOPLIST_FILE = DataStructures_SwiftTests/Info.plist;
				LD_RUNPATH_SEARCH_PATHS = (
					"$(inherited)",
					"@executable_path/../Frameworks",
					"@loader_path/../Frameworks",
				);
				PRODUCT_BUNDLE_IDENTIFIER = "com.DataStructures-swift.DataStructures-SwiftTests";
				PRODUCT_NAME = "$(TARGET_NAME)";
				SWIFT_VERSION = 5.0;
			};
			name = Release;
		};
/* End XCBuildConfiguration section */

/* Begin XCConfigurationList section */
		8BE908642522BF180049BDEB /* Build configuration list for PBXProject "DataStructures_Swift" */ = {
			isa = XCConfigurationList;
			buildConfigurations = (
				8BE9087C2522BF180049BDEB /* Debug */,
				8BE9087D2522BF180049BDEB /* Release */,
			);
			defaultConfigurationIsVisible = 0;
			defaultConfigurationName = Release;
		};
		8BE9087E2522BF180049BDEB /* Build configuration list for PBXNativeTarget "DataStructures_Swift" */ = {
			isa = XCConfigurationList;
			buildConfigurations = (
				8BE9087F2522BF180049BDEB /* Debug */,
				8BE908802522BF180049BDEB /* Release */,
			);
			defaultConfigurationIsVisible = 0;
			defaultConfigurationName = Release;
		};
		8BE908812522BF180049BDEB /* Build configuration list for PBXNativeTarget "DataStructures_SwiftTests" */ = {
			isa = XCConfigurationList;
			buildConfigurations = (
				8BE908822522BF180049BDEB /* Debug */,
				8BE908832522BF180049BDEB /* Release */,
			);
			defaultConfigurationIsVisible = 0;
			defaultConfigurationName = Release;
		};
/* End XCConfigurationList section */
	};
	rootObject = 8BE908612522BF180049BDEB /* Project object */;
}
